	<Project xmlns="http://schemas.microsoft.com/developer/msbuild/2003">
		<PropertyGroup>
			<ProjectGuid>{C2CFEEBA-D0C0-462A-B5BC-F3DAF15E53F3}</ProjectGuid>
			<ProjectVersion>12.0</ProjectVersion>
			<MainSource>Bank.dpr</MainSource>
			<Config Condition="'$(Config)'==''">Debug</Config>
			<DCC_DCCCompiler>DCCIL</DCC_DCCCompiler>
		</PropertyGroup>
		<PropertyGroup Condition="'$(Config)'=='Base' or '$(Base)'!=''">
			<Base>true</Base>
		</PropertyGroup>
		<PropertyGroup Condition="'$(Config)'=='Release' or '$(Cfg_1)'!=''">
			<Cfg_1>true</Cfg_1>
			<CfgParent>Base</CfgParent>
			<Base>true</Base>
		</PropertyGroup>
		<PropertyGroup Condition="'$(Config)'=='Debug' or '$(Cfg_2)'!=''">
			<Cfg_2>true</Cfg_2>
			<CfgParent>Base</CfgParent>
			<Base>true</Base>
		</PropertyGroup>
		<PropertyGroup Condition="'$(Base)'!=''">
			<DCC_UnsafeCode>true</DCC_UnsafeCode>
			<DCC_UsePackage>V:\TIMKIN\Projects\Modeling .NET\CSharp\Fibers\Debug\Fibers.dll;C:\Program Files\Reference Assemblies\Microsoft\Framework\v3.5\System.Core.dll;V:\TIMKIN\Projects\Modeling .NET\CSharp\Coroutines2\Simulation\bin\Debug\Simulation.dll</DCC_UsePackage>
			<DCC_UnitSearchPath>V:\TIMKIN\Projects\Modeling .NET\CSharp\Coroutines2\Simulation\bin\Debug;C:\Program Files\Reference Assemblies\Microsoft\Framework\v3.5;V:\TIMKIN\Projects\Modeling .NET\CSharp\Fibers\Debug;$(DCC_UnitSearchPath)</DCC_UnitSearchPath>
			<UsePackages>true</UsePackages>
			<DCC_ImageBase>00400000</DCC_ImageBase>
			<DCC_E>false</DCC_E>
			<DCC_UnitAlias>WinTypes=Borland.Vcl.Windows;WinProcs=Borland.Vcl.Windows;DbiTypes=BDE;DbiProcs=BDE;DbiErrs=BDE;$(DCC_UnitAlias)</DCC_UnitAlias>
			<DCC_DependencyCheckOutputName>Bank.exe</DCC_DependencyCheckOutputName>
			<DCC_N>false</DCC_N>
			<DCC_S>false</DCC_S>
			<DCC_F>false</DCC_F>
			<DCC_K>false</DCC_K>
		</PropertyGroup>
		<PropertyGroup Condition="'$(Cfg_1)'!=''">
			<DCC_LocalDebugSymbols>false</DCC_LocalDebugSymbols>
			<DCC_Define>RELEASE;$(DCC_Define)</DCC_Define>
			<DCC_SymbolReferenceInfo>0</DCC_SymbolReferenceInfo>
			<DCC_DebugInformation>false</DCC_DebugInformation>
		</PropertyGroup>
		<PropertyGroup Condition="'$(Cfg_2)'!=''">
			<DCC_Define>DEBUG;$(DCC_Define)</DCC_Define>
			<DCC_DebugInfoInExe>true</DCC_DebugInfoInExe>
			<DCC_Platform>x86</DCC_Platform>
		</PropertyGroup>
		<ItemGroup>
			<DelphiCompile Include="Bank.dpr">
				<MainSource>MainSource</MainSource>
			</DelphiCompile>
			<DCCReference Include="UBank.pas"/>
			<BuildConfiguration Include="Base">
				<Key>Base</Key>
			</BuildConfiguration>
			<BuildConfiguration Include="Debug">
				<Key>Cfg_2</Key>
				<CfgParent>Base</CfgParent>
			</BuildConfiguration>
			<BuildConfiguration Include="Release">
				<Key>Cfg_1</Key>
				<CfgParent>Base</CfgParent>
			</BuildConfiguration>
		</ItemGroup>
		<ItemGroup>
			<Reference Include="..\..\CSharp\Coroutines2\Simulation\bin\Debug\Simulation.dll">
				<ContainerId>DelphiDotNetAssemblyCompiler</ContainerId>
				<ContainerId>DelphiDotNetAssemblyCompiler</ContainerId>
				<AssemblyName>Simulation</AssemblyName>
				<Version>1.0.0.0</Version>
				<HintPath>..\..\CSharp\Coroutines2\Simulation\bin\Debug\Simulation.dll</HintPath>
				<AssemblyTag>..\..\CSharp\Coroutines2\Simulation\bin\Debug\Simulation.dll</AssemblyTag>
				<LinkUnits>False</LinkUnits>
			</Reference>
			<Reference Include="C:\Program Files\Reference Assemblies\Microsoft\Framework\v3.5\System.Core.dll">
				<ContainerId>DelphiDotNetAssemblyCompiler</ContainerId>
				<ContainerId>DelphiDotNetAssemblyCompiler</ContainerId>
				<AssemblyName>System.Core</AssemblyName>
				<Version>3.5.0.0</Version>
				<HintPath>C:\Program Files\Reference Assemblies\Microsoft\Framework\v3.5\System.Core.dll</HintPath>
				<AssemblyTag>C:\Program Files\Reference Assemblies\Microsoft\Framework\v3.5\System.Core.dll</AssemblyTag>
				<LinkUnits>False</LinkUnits>
			</Reference>
			<Reference Include="..\..\CSharp\Fibers\Debug\Fibers.dll">
				<ContainerId>DelphiDotNetAssemblyCompiler</ContainerId>
				<ContainerId>DelphiDotNetAssemblyCompiler</ContainerId>
				<AssemblyName>Fibers</AssemblyName>
				<Version>0.0.0.0</Version>
				<HintPath>..\..\CSharp\Fibers\Debug\Fibers.dll</HintPath>
				<AssemblyTag>..\..\CSharp\Fibers\Debug\Fibers.dll</AssemblyTag>
				<LinkUnits>False</LinkUnits>
			</Reference>
		</ItemGroup>
		<Import Project="$(BDS)\Bin\CodeGear.Delphi.Targets" Condition="Exists('$(BDS)\Bin\CodeGear.Delphi.Targets')"/>
		<ProjectExtensions>
			<Borland.Personality>DelphiDotNet.Personality.12</Borland.Personality>
			<Borland.ProjectType/>
			<BorlandProject>
				<DelphiDotNet.Personality>
					<Source>
						<Source Name="MainSource">Bank.dpr</Source>
					</Source>
					<Parameters>
						<Parameters Name="UseLauncher">False</Parameters>
						<Parameters Name="LoadAllSymbols">True</Parameters>
						<Parameters Name="LoadUnspecifiedSymbols">False</Parameters>
					</Parameters>
					<VersionInfo>
						<VersionInfo Name="IncludeVerInfo">False</VersionInfo>
						<VersionInfo Name="AutoIncBuild">False</VersionInfo>
						<VersionInfo Name="MajorVer">1</VersionInfo>
						<VersionInfo Name="MinorVer">0</VersionInfo>
						<VersionInfo Name="Release">0</VersionInfo>
						<VersionInfo Name="Build">0</VersionInfo>
						<VersionInfo Name="Debug">False</VersionInfo>
						<VersionInfo Name="PreRelease">False</VersionInfo>
						<VersionInfo Name="Special">False</VersionInfo>
						<VersionInfo Name="Private">False</VersionInfo>
						<VersionInfo Name="DLL">False</VersionInfo>
						<VersionInfo Name="Locale">1049</VersionInfo>
						<VersionInfo Name="CodePage">1251</VersionInfo>
					</VersionInfo>
					<VersionInfoKeys>
						<VersionInfoKeys Name="CompanyName"/>
						<VersionInfoKeys Name="FileDescription"/>
						<VersionInfoKeys Name="FileVersion">1.0.0.0</VersionInfoKeys>
						<VersionInfoKeys Name="InternalName"/>
						<VersionInfoKeys Name="LegalCopyright"/>
						<VersionInfoKeys Name="LegalTrademarks"/>
						<VersionInfoKeys Name="OriginalFilename"/>
						<VersionInfoKeys Name="ProductName"/>
						<VersionInfoKeys Name="ProductVersion">1.0.0.0</VersionInfoKeys>
						<VersionInfoKeys Name="Comments"/>
					</VersionInfoKeys>
				</DelphiDotNet.Personality>
			</BorlandProject>
			<ProjectFileVersion>12</ProjectFileVersion>
		</ProjectExtensions>
	</Project>
