
Microsoft Visual Studio Solution File, Format Version 10.00
# Visual Studio 2008
Project("{FAE04EC0-301F-11D3-BF4B-00C04F79EFBC}") = "Shop", "Shop\Shop.csproj", "{80D7339C-29D3-4489-B67F-5C160E779BAF}"
EndProject
Global
	GlobalSection(SolutionConfigurationPlatforms) = preSolution
		Debug|Any CPU = Debug|Any CPU
		Release|Any CPU = Release|Any CPU
	EndGlobalSection
	GlobalSection(ProjectConfigurationPlatforms) = postSolution
		{80D7339C-29D3-4489-B67F-5C160E779BAF}.Debug|Any CPU.ActiveCfg = Debug|Any CPU
		{80D7339C-29D3-4489-B67F-5C160E779BAF}.Debug|Any CPU.Build.0 = Debug|Any CPU
		{80D7339C-29D3-4489-B67F-5C160E779BAF}.Release|Any CPU.ActiveCfg = Release|Any CPU
		{80D7339C-29D3-4489-B67F-5C160E779BAF}.Release|Any CPU.Build.0 = Release|Any CPU
	EndGlobalSection
	GlobalSection(SolutionProperties) = preSolution
		HideSolutionNode = FALSE
	EndGlobalSection
EndGlobal
